Microsoft Visual Studio Solution File, Format Version 12.00
# Visual Studio Version 17
VisualStudioVersion = 17.0.31903.59
MinimumVisualStudioVersion = 10.0.40219.1
Project("{9A19103F-16F7-4668-BE54-9A1E7A4F7556}") = "Ch03_HelloWorld", "chapter_03\HelloWorld\Ch03_HelloWorld.csproj", "{A1B2C3D4-E5F6-7890-ABCD-EF1234567890}"
EndProject
Project("{9A19103F-16F7-4668-BE54-9A1E7A4F7556}") = "LoadException", "chapter_04\LoadException\LoadException.csproj", "{B2C3D4E5-F6A7-8901-BCDE-F12345678901}"
EndProject
Project("{9A19103F-16F7-4668-BE54-9A1E7A4F7556}") = "ManagedException", "chapter_04\ManagedException\ManagedException.csproj", "{C3D4E5F6-A7B8-9012-CDEF-123456789012}"
EndProject
Project("{9A19103F-16F7-4668-BE54-9A1E7A4F7556}") = "Ch05_HelloWorld", "chapter_05\HelloWorld\Ch05_HelloWorld.csproj", "{D4E5F6A7-B8C9-0123-DEFA-234567890123}"
EndProject
Project("{9A19103F-16F7-4668-BE54-9A1E7A4F7556}") = "HandleLeak", "chapter_08\HandleLeak\HandleLeak.csproj", "{E5F6A7B8-C9D0-1234-EFAB-345678901234}"
EndProject
Project("{9A19103F-16F7-4668-BE54-9A1E7A4F7556}") = "GcHeapCorruption", "chapter_08\GcHeapCorruption\GcHeapCorruption.csproj", "{F6A7B8C9-D0E1-2345-FABC-456789012345}"
EndProject
Project("{9A19103F-16F7-4668-BE54-9A1E7A4F7556}") = "PInvokeCorruption", "chapter_08\PInvokeCorruption\PInvokeCorruption.csproj", "{07B8C9D0-E1F2-3456-ABCD-567890123456}"
EndProject
Project("{9A19103F-16F7-4668-BE54-9A1E7A4F7556}") = "HashRaceConditionBug", "chapter_09\HashRaceCondition\Bug\HashRaceConditionBug.csproj", "{18C9D0E1-F2A3-4567-BCDE-678901234567}"
EndProject
Project("{9A19103F-16F7-4668-BE54-9A1E7A4F7556}") = "HashRaceConditionFix", "chapter_09\HashRaceCondition\Fix\HashRaceConditionFix.csproj", "{29D0E1F2-A3B4-5678-CDEF-789012345678}"
EndProject
Project("{9A19103F-16F7-4668-BE54-9A1E7A4F7556}") = "CtrlC", "chapter_10\CtrlC\CtrlC.csproj", "{3AE1F2A3-B4C5-6789-DEFA-890123456789}"
EndProject
Project("{9A19103F-16F7-4668-BE54-9A1E7A4F7556}") = "SystemCall", "chapter_10\SystemCall\SystemCall.csproj", "{4BF2A3B4-C5D6-7890-EFAB-901234567890}"
EndProject
Project("{9A19103F-16F7-4668-BE54-9A1E7A4F7556}") = "CreateLargeXml", "chapter_13\GCHeapMemory\CreateLargeXml.csproj", "{5CA3B4C5-D6E7-8901-ABCD-012345678901}"
EndProject
Project("{9A19103F-16F7-4668-BE54-9A1E7A4F7556}") = "LoadXml", "chapter_13\GCHeapMemory\LoadXml.csproj", "{6DB4C5D6-E7F8-9012-BCDE-123456789012}"
EndProject
Project("{9A19103F-16F7-4668-BE54-9A1E7A4F7556}") = "LoadXmlWithReader", "chapter_13\GCHeapMemory\LoadXmlWithReader.csproj", "{7EC5D6E7-F8A9-0123-CDEF-234567890123}"
EndProject
Project("{9A19103F-16F7-4668-BE54-9A1E7A4F7556}") = "KillManaged", "chapter_13\KillManaged\KillManaged.csproj", "{8FD6E7F8-A9B0-1234-DEFA-345678901234}"
EndProject
Project("{2150E333-8FDC-42A3-9474-1A3956D46DE8}") = "Chapter_03", "Chapter_03", "{90A7B8C9-D0E1-2345-1234-456789012345}"
EndProject
Project("{2150E333-8FDC-42A3-9474-1A3956D46DE8}") = "Chapter_04", "Chapter_04", "{01B8C9D0-E1F2-3456-2345-567890123456}"
EndProject
Project("{2150E333-8FDC-42A3-9474-1A3956D46DE8}") = "Chapter_05", "Chapter_05", "{12C9D0E1-F2A3-4567-3456-678901234567}"
EndProject
Project("{2150E333-8FDC-42A3-9474-1A3956D46DE8}") = "Chapter_08", "Chapter_08", "{23D0E1F2-A3B4-5678-4567-789012345678}"
EndProject
Project("{2150E333-8FDC-42A3-9474-1A3956D46DE8}") = "Chapter_09", "Chapter_09", "{34E1F2A3-B4C5-6789-5678-890123456789}"
EndProject
Project("{2150E333-8FDC-42A3-9474-1A3956D46DE8}") = "Chapter_10", "Chapter_10", "{45F2A3B4-C5D6-7890-6789-901234567890}"
EndProject
Project("{2150E333-8FDC-42A3-9474-1A3956D46DE8}") = "Chapter_13", "Chapter_13", "{56A3B4C5-D6E7-8901-7890-012345678901}"
EndProject
Global
	GlobalSection(SolutionConfigurationPlatforms) = preSolution
		Debug|Any CPU = Debug|Any CPU
		Debug|x86 = Debug|x86
		Release|Any CPU = Release|Any CPU
		Release|x86 = Release|x86
	EndGlobalSection
	GlobalSection(ProjectConfigurationPlatforms) = postSolution
		{A1B2C3D4-E5F6-7890-ABCD-EF1234567890}.Debug|Any CPU.ActiveCfg = Debug|Any CPU
		{A1B2C3D4-E5F6-7890-ABCD-EF1234567890}.Debug|Any CPU.Build.0 = Debug|Any CPU
		{A1B2C3D4-E5F6-7890-ABCD-EF1234567890}.Debug|x86.ActiveCfg = Debug|Any CPU
		{A1B2C3D4-E5F6-7890-ABCD-EF1234567890}.Debug|x86.Build.0 = Debug|Any CPU
		{A1B2C3D4-E5F6-7890-ABCD-EF1234567890}.Release|Any CPU.ActiveCfg = Release|Any CPU
		{A1B2C3D4-E5F6-7890-ABCD-EF1234567890}.Release|Any CPU.Build.0 = Release|Any CPU
		{A1B2C3D4-E5F6-7890-ABCD-EF1234567890}.Release|x86.ActiveCfg = Release|Any CPU
		{A1B2C3D4-E5F6-7890-ABCD-EF1234567890}.Release|x86.Build.0 = Release|Any CPU
		{B2C3D4E5-F6A7-8901-BCDE-F12345678901}.Debug|Any CPU.ActiveCfg = Debug|Any CPU
		{B2C3D4E5-F6A7-8901-BCDE-F12345678901}.Debug|Any CPU.Build.0 = Debug|Any CPU
		{B2C3D4E5-F6A7-8901-BCDE-F12345678901}.Debug|x86.ActiveCfg = Debug|Any CPU
		{B2C3D4E5-F6A7-8901-BCDE-F12345678901}.Debug|x86.Build.0 = Debug|Any CPU
		{B2C3D4E5-F6A7-8901-BCDE-F12345678901}.Release|Any CPU.ActiveCfg = Release|Any CPU
		{B2C3D4E5-F6A7-8901-BCDE-F12345678901}.Release|Any CPU.Build.0 = Release|Any CPU
		{B2C3D4E5-F6A7-8901-BCDE-F12345678901}.Release|x86.ActiveCfg = Release|Any CPU
		{B2C3D4E5-F6A7-8901-BCDE-F12345678901}.Release|x86.Build.0 = Release|Any CPU
		{C3D4E5F6-A7B8-9012-CDEF-123456789012}.Debug|Any CPU.ActiveCfg = Debug|Any CPU
		{C3D4E5F6-A7B8-9012-CDEF-123456789012}.Debug|Any CPU.Build.0 = Debug|Any CPU
		{C3D4E5F6-A7B8-9012-CDEF-123456789012}.Debug|x86.ActiveCfg = Debug|Any CPU
		{C3D4E5F6-A7B8-9012-CDEF-123456789012}.Debug|x86.Build.0 = Debug|Any CPU
		{C3D4E5F6-A7B8-9012-CDEF-123456789012}.Release|Any CPU.ActiveCfg = Release|Any CPU
		{C3D4E5F6-A7B8-9012-CDEF-123456789012}.Release|Any CPU.Build.0 = Release|Any CPU
		{C3D4E5F6-A7B8-9012-CDEF-123456789012}.Release|x86.ActiveCfg = Release|Any CPU
		{C3D4E5F6-A7B8-9012-CDEF-123456789012}.Release|x86.Build.0 = Release|Any CPU
		{D4E5F6A7-B8C9-0123-DEFA-234567890123}.Debug|Any CPU.ActiveCfg = Debug|Any CPU
		{D4E5F6A7-B8C9-0123-DEFA-234567890123}.Debug|Any CPU.Build.0 = Debug|Any CPU
		{D4E5F6A7-B8C9-0123-DEFA-234567890123}.Debug|x86.ActiveCfg = Debug|Any CPU
		{D4E5F6A7-B8C9-0123-DEFA-234567890123}.Debug|x86.Build.0 = Debug|Any CPU
		{D4E5F6A7-B8C9-0123-DEFA-234567890123}.Release|Any CPU.ActiveCfg = Release|Any CPU
		{D4E5F6A7-B8C9-0123-DEFA-234567890123}.Release|Any CPU.Build.0 = Release|Any CPU
		{D4E5F6A7-B8C9-0123-DEFA-234567890123}.Release|x86.ActiveCfg = Release|Any CPU
		{D4E5F6A7-B8C9-0123-DEFA-234567890123}.Release|x86.Build.0 = Release|Any CPU
		{E5F6A7B8-C9D0-1234-EFAB-345678901234}.Debug|Any CPU.ActiveCfg = Debug|Any CPU
		{E5F6A7B8-C9D0-1234-EFAB-345678901234}.Debug|Any CPU.Build.0 = Debug|Any CPU
		{E5F6A7B8-C9D0-1234-EFAB-345678901234}.Debug|x86.ActiveCfg = Debug|Any CPU
		{E5F6A7B8-C9D0-1234-EFAB-345678901234}.Debug|x86.Build.0 = Debug|Any CPU
		{E5F6A7B8-C9D0-1234-EFAB-345678901234}.Release|Any CPU.ActiveCfg = Release|Any CPU
		{E5F6A7B8-C9D0-1234-EFAB-345678901234}.Release|Any CPU.Build.0 = Release|Any CPU
		{E5F6A7B8-C9D0-1234-EFAB-345678901234}.Release|x86.ActiveCfg = Release|Any CPU
		{E5F6A7B8-C9D0-1234-EFAB-345678901234}.Release|x86.Build.0 = Release|Any CPU
		{F6A7B8C9-D0E1-2345-FABC-456789012345}.Debug|Any CPU.ActiveCfg = Debug|Any CPU
		{F6A7B8C9-D0E1-2345-FABC-456789012345}.Debug|Any CPU.Build.0 = Debug|Any CPU
		{F6A7B8C9-D0E1-2345-FABC-456789012345}.Debug|x86.ActiveCfg = Debug|Any CPU
		{F6A7B8C9-D0E1-2345-FABC-456789012345}.Debug|x86.Build.0 = Debug|Any CPU
		{F6A7B8C9-D0E1-2345-FABC-456789012345}.Release|Any CPU.ActiveCfg = Release|Any CPU
		{F6A7B8C9-D0E1-2345-FABC-456789012345}.Release|Any CPU.Build.0 = Release|Any CPU
		{F6A7B8C9-D0E1-2345-FABC-456789012345}.Release|x86.ActiveCfg = Release|Any CPU
		{F6A7B8C9-D0E1-2345-FABC-456789012345}.Release|x86.Build.0 = Release|Any CPU
		{07B8C9D0-E1F2-3456-ABCD-567890123456}.Debug|Any CPU.ActiveCfg = Debug|Any CPU
		{07B8C9D0-E1F2-3456-ABCD-567890123456}.Debug|Any CPU.Build.0 = Debug|Any CPU
		{07B8C9D0-E1F2-3456-ABCD-567890123456}.Debug|x86.ActiveCfg = Debug|Any CPU
		{07B8C9D0-E1F2-3456-ABCD-567890123456}.Debug|x86.Build.0 = Debug|Any CPU
		{07B8C9D0-E1F2-3456-ABCD-567890123456}.Release|Any CPU.ActiveCfg = Release|Any CPU
		{07B8C9D0-E1F2-3456-ABCD-567890123456}.Release|Any CPU.Build.0 = Release|Any CPU
		{07B8C9D0-E1F2-3456-ABCD-567890123456}.Release|x86.ActiveCfg = Release|Any CPU
		{07B8C9D0-E1F2-3456-ABCD-567890123456}.Release|x86.Build.0 = Release|Any CPU
		{18C9D0E1-F2A3-4567-BCDE-678901234567}.Debug|Any CPU.ActiveCfg = Debug|Any CPU
		{18C9D0E1-F2A3-4567-BCDE-678901234567}.Debug|Any CPU.Build.0 = Debug|Any CPU
		{18C9D0E1-F2A3-4567-BCDE-678901234567}.Debug|x86.ActiveCfg = Debug|Any CPU
		{18C9D0E1-F2A3-4567-BCDE-678901234567}.Debug|x86.Build.0 = Debug|Any CPU
		{18C9D0E1-F2A3-4567-BCDE-678901234567}.Release|Any CPU.ActiveCfg = Release|Any CPU
		{18C9D0E1-F2A3-4567-BCDE-678901234567}.Release|Any CPU.Build.0 = Release|Any CPU
		{18C9D0E1-F2A3-4567-BCDE-678901234567}.Release|x86.ActiveCfg = Release|Any CPU
		{18C9D0E1-F2A3-4567-BCDE-678901234567}.Release|x86.Build.0 = Release|Any CPU
		{29D0E1F2-A3B4-5678-CDEF-789012345678}.Debug|Any CPU.ActiveCfg = Debug|Any CPU
		{29D0E1F2-A3B4-5678-CDEF-789012345678}.Debug|Any CPU.Build.0 = Debug|Any CPU
		{29D0E1F2-A3B4-5678-CDEF-789012345678}.Debug|x86.ActiveCfg = Debug|Any CPU
		{29D0E1F2-A3B4-5678-CDEF-789012345678}.Debug|x86.Build.0 = Debug|Any CPU
		{29D0E1F2-A3B4-5678-CDEF-789012345678}.Release|Any CPU.ActiveCfg = Release|Any CPU
		{29D0E1F2-A3B4-5678-CDEF-789012345678}.Release|Any CPU.Build.0 = Release|Any CPU
		{29D0E1F2-A3B4-5678-CDEF-789012345678}.Release|x86.ActiveCfg = Release|Any CPU
		{29D0E1F2-A3B4-5678-CDEF-789012345678}.Release|x86.Build.0 = Release|Any CPU
		{3AE1F2A3-B4C5-6789-DEFA-890123456789}.Debug|Any CPU.ActiveCfg = Debug|Any CPU
		{3AE1F2A3-B4C5-6789-DEFA-890123456789}.Debug|Any CPU.Build.0 = Debug|Any CPU
		{3AE1F2A3-B4C5-6789-DEFA-890123456789}.Debug|x86.ActiveCfg = Debug|Any CPU
		{3AE1F2A3-B4C5-6789-DEFA-890123456789}.Debug|x86.Build.0 = Debug|Any CPU
		{3AE1F2A3-B4C5-6789-DEFA-890123456789}.Release|Any CPU.ActiveCfg = Release|Any CPU
		{3AE1F2A3-B4C5-6789-DEFA-890123456789}.Release|Any CPU.Build.0 = Release|Any CPU
		{3AE1F2A3-B4C5-6789-DEFA-890123456789}.Release|x86.ActiveCfg = Release|Any CPU
		{3AE1F2A3-B4C5-6789-DEFA-890123456789}.Release|x86.Build.0 = Release|Any CPU
		{4BF2A3B4-C5D6-7890-EFAB-901234567890}.Debug|Any CPU.ActiveCfg = Debug|Any CPU
		{4BF2A3B4-C5D6-7890-EFAB-901234567890}.Debug|Any CPU.Build.0 = Debug|Any CPU
		{4BF2A3B4-C5D6-7890-EFAB-901234567890}.Debug|x86.ActiveCfg = Debug|Any CPU
		{4BF2A3B4-C5D6-7890-EFAB-901234567890}.Debug|x86.Build.0 = Debug|Any CPU
		{4BF2A3B4-C5D6-7890-EFAB-901234567890}.Release|Any CPU.ActiveCfg = Release|Any CPU
		{4BF2A3B4-C5D6-7890-EFAB-901234567890}.Release|Any CPU.Build.0 = Release|Any CPU
		{4BF2A3B4-C5D6-7890-EFAB-901234567890}.Release|x86.ActiveCfg = Release|Any CPU
		{4BF2A3B4-C5D6-7890-EFAB-901234567890}.Release|x86.Build.0 = Release|Any CPU
		{5CA3B4C5-D6E7-8901-ABCD-012345678901}.Debug|Any CPU.ActiveCfg = Debug|Any CPU
		{5CA3B4C5-D6E7-8901-ABCD-012345678901}.Debug|Any CPU.Build.0 = Debug|Any CPU
		{5CA3B4C5-D6E7-8901-ABCD-012345678901}.Debug|x86.ActiveCfg = Debug|Any CPU
		{5CA3B4C5-D6E7-8901-ABCD-012345678901}.Debug|x86.Build.0 = Debug|Any CPU
		{5CA3B4C5-D6E7-8901-ABCD-012345678901}.Release|Any CPU.ActiveCfg = Release|Any CPU
		{5CA3B4C5-D6E7-8901-ABCD-012345678901}.Release|Any CPU.Build.0 = Release|Any CPU
		{5CA3B4C5-D6E7-8901-ABCD-012345678901}.Release|x86.ActiveCfg = Release|Any CPU
		{5CA3B4C5-D6E7-8901-ABCD-012345678901}.Release|x86.Build.0 = Release|Any CPU
		{6DB4C5D6-E7F8-9012-BCDE-123456789012}.Debug|Any CPU.ActiveCfg = Debug|Any CPU
		{6DB4C5D6-E7F8-9012-BCDE-123456789012}.Debug|Any CPU.Build.0 = Debug|Any CPU
		{6DB4C5D6-E7F8-9012-BCDE-123456789012}.Debug|x86.ActiveCfg = Debug|Any CPU
		{6DB4C5D6-E7F8-9012-BCDE-123456789012}.Debug|x86.Build.0 = Debug|Any CPU
		{6DB4C5D6-E7F8-9012-BCDE-123456789012}.Release|Any CPU.ActiveCfg = Release|Any CPU
		{6DB4C5D6-E7F8-9012-BCDE-123456789012}.Release|Any CPU.Build.0 = Release|Any CPU
		{6DB4C5D6-E7F8-9012-BCDE-123456789012}.Release|x86.ActiveCfg = Release|Any CPU
		{6DB4C5D6-E7F8-9012-BCDE-123456789012}.Release|x86.Build.0 = Release|Any CPU
		{7EC5D6E7-F8A9-0123-CDEF-234567890123}.Debug|Any CPU.ActiveCfg = Debug|Any CPU
		{7EC5D6E7-F8A9-0123-CDEF-234567890123}.Debug|Any CPU.Build.0 = Debug|Any CPU
		{7EC5D6E7-F8A9-0123-CDEF-234567890123}.Debug|x86.ActiveCfg = Debug|Any CPU
		{7EC5D6E7-F8A9-0123-CDEF-234567890123}.Debug|x86.Build.0 = Debug|Any CPU
		{7EC5D6E7-F8A9-0123-CDEF-234567890123}.Release|Any CPU.ActiveCfg = Release|Any CPU
		{7EC5D6E7-F8A9-0123-CDEF-234567890123}.Release|Any CPU.Build.0 = Release|Any CPU
		{7EC5D6E7-F8A9-0123-CDEF-234567890123}.Release|x86.ActiveCfg = Release|Any CPU
		{7EC5D6E7-F8A9-0123-CDEF-234567890123}.Release|x86.Build.0 = Release|Any CPU
		{8FD6E7F8-A9B0-1234-DEFA-345678901234}.Debug|Any CPU.ActiveCfg = Debug|Any CPU
		{8FD6E7F8-A9B0-1234-DEFA-345678901234}.Debug|Any CPU.Build.0 = Debug|Any CPU
		{8FD6E7F8-A9B0-1234-DEFA-345678901234}.Debug|x86.ActiveCfg = Debug|Any CPU
		{8FD6E7F8-A9B0-1234-DEFA-345678901234}.Debug|x86.Build.0 = Debug|Any CPU
		{8FD6E7F8-A9B0-1234-DEFA-345678901234}.Release|Any CPU.ActiveCfg = Release|Any CPU
		{8FD6E7F8-A9B0-1234-DEFA-345678901234}.Release|Any CPU.Build.0 = Release|Any CPU
		{8FD6E7F8-A9B0-1234-DEFA-345678901234}.Release|x86.ActiveCfg = Release|Any CPU
		{8FD6E7F8-A9B0-1234-DEFA-345678901234}.Release|x86.Build.0 = Release|Any CPU
	EndGlobalSection
	GlobalSection(SolutionProperties) = preSolution
		HideSolutionNode = FALSE
	EndGlobalSection
	GlobalSection(NestedProjects) = preSolution
		{A1B2C3D4-E5F6-7890-ABCD-EF1234567890} = {90A7B8C9-D0E1-2345-1234-456789012345}
		{B2C3D4E5-F6A7-8901-BCDE-F12345678901} = {01B8C9D0-E1F2-3456-2345-567890123456}
		{C3D4E5F6-A7B8-9012-CDEF-123456789012} = {01B8C9D0-E1F2-3456-2345-567890123456}
		{D4E5F6A7-B8C9-0123-DEFA-234567890123} = {12C9D0E1-F2A3-4567-3456-678901234567}
		{E5F6A7B8-C9D0-1234-EFAB-345678901234} = {23D0E1F2-A3B4-5678-4567-789012345678}
		{F6A7B8C9-D0E1-2345-FABC-456789012345} = {23D0E1F2-A3B4-5678-4567-789012345678}
		{07B8C9D0-E1F2-3456-ABCD-567890123456} = {23D0E1F2-A3B4-5678-4567-789012345678}
		{18C9D0E1-F2A3-4567-BCDE-678901234567} = {34E1F2A3-B4C5-6789-5678-890123456789}
		{29D0E1F2-A3B4-5678-CDEF-789012345678} = {34E1F2A3-B4C5-6789-5678-890123456789}
		{3AE1F2A3-B4C5-6789-DEFA-890123456789} = {45F2A3B4-C5D6-7890-6789-901234567890}
		{4BF2A3B4-C5D6-7890-EFAB-901234567890} = {45F2A3B4-C5D6-7890-6789-901234567890}
		{5CA3B4C5-D6E7-8901-ABCD-012345678901} = {56A3B4C5-D6E7-8901-7890-012345678901}
		{6DB4C5D6-E7F8-9012-BCDE-123456789012} = {56A3B4C5-D6E7-8901-7890-012345678901}
		{7EC5D6E7-F8A9-0123-CDEF-234567890123} = {56A3B4C5-D6E7-8901-7890-012345678901}
		{8FD6E7F8-A9B0-1234-DEFA-345678901234} = {56A3B4C5-D6E7-8901-7890-012345678901}
	EndGlobalSection
	GlobalSection(ExtensibilityGlobals) = postSolution
		SolutionGuid = {AABBCCDD-EEFF-1122-3344-556677889900}
	EndGlobalSection
EndGlobal
